
Microsoft Visual Studio Solution File, Format Version 12.00
# Visual Studio Version 16
VisualStudioVersion = 16.0.30717.126
MinimumVisualStudioVersion = 10.0.40219.1
Project("{FAE04EC0-301F-11D3-BF4B-00C04F79EFBC}") = "Online_Grocery_Store", "Online_Grocery_Store\Online_Grocery_Store.csproj", "{3421363A-4A68-4804-9D67-813ADA270058}"
EndProject
Global
	GlobalSection(SolutionConfigurationPlatforms) = preSolution
		Debug|Any CPU = Debug|Any CPU
		Release|Any CPU = Release|Any CPU
	EndGlobalSection
	GlobalSection(ProjectConfigurationPlatforms) = postSolution
		{3421363A-4A68-4804-9D67-813ADA270058}.Debug|Any CPU.ActiveCfg = Debug|Any CPU
		{3421363A-4A68-4804-9D67-813ADA270058}.Debug|Any CPU.Build.0 = Debug|Any CPU
		{3421363A-4A68-4804-9D67-813ADA270058}.Release|Any CPU.ActiveCfg = Release|Any CPU
		{3421363A-4A68-4804-9D67-813ADA270058}.Release|Any CPU.Build.0 = Release|Any CPU
	EndGlobalSection
	GlobalSection(SolutionProperties) = preSolution
		HideSolutionNode = FALSE
	EndGlobalSection
	GlobalSection(ExtensibilityGlobals) = postSolution
		SolutionGuid = {D67FEC07-6B27-48A7-8B52-9C51A4D48CC8}
	EndGlobalSection
EndGlobal
